
Microsoft Visual Studio Solution File, Format Version 12.00
# Visual Studio Version 16
VisualStudioVersion = 16.0.31624.102
MinimumVisualStudioVersion = 10.0.40219.1
Project("{FAE04EC0-301F-11D3-BF4B-00C04F79EFBC}") = "Images.Web", "Images.Web\Images.Web.csproj", "{3EBA6D3A-75A1-4F88-B927-46DF5B0D0CFA}"
EndProject
Project("{FAE04EC0-301F-11D3-BF4B-00C04F79EFBC}") = "Images.Data", "Images.Data\Images.Data.csproj", "{2042AB0E-914E-4003-A729-F03D00ABFDA7}"
EndProject
Global
	GlobalSection(SolutionConfigurationPlatforms) = preSolution
		Debug|Any CPU = Debug|Any CPU
		Release|Any CPU = Release|Any CPU
	EndGlobalSection
	GlobalSection(ProjectConfigurationPlatforms) = postSolution
		{3EBA6D3A-75A1-4F88-B927-46DF5B0D0CFA}.Debug|Any CPU.ActiveCfg = Debug|Any CPU
		{3EBA6D3A-75A1-4F88-B927-46DF5B0D0CFA}.Debug|Any CPU.Build.0 = Debug|Any CPU
		{3EBA6D3A-75A1-4F88-B927-46DF5B0D0CFA}.Release|Any CPU.ActiveCfg = Release|Any CPU
		{3EBA6D3A-75A1-4F88-B927-46DF5B0D0CFA}.Release|Any CPU.Build.0 = Release|Any CPU
		{2042AB0E-914E-4003-A729-F03D00ABFDA7}.Debug|Any CPU.ActiveCfg = Debug|Any CPU
		{2042AB0E-914E-4003-A729-F03D00ABFDA7}.Debug|Any CPU.Build.0 = Debug|Any CPU
		{2042AB0E-914E-4003-A729-F03D00ABFDA7}.Release|Any CPU.ActiveCfg = Release|Any CPU
		{2042AB0E-914E-4003-A729-F03D00ABFDA7}.Release|Any CPU.Build.0 = Release|Any CPU
	EndGlobalSection
	GlobalSection(SolutionProperties) = preSolution
		HideSolutionNode = FALSE
	EndGlobalSection
	GlobalSection(ExtensibilityGlobals) = postSolution
		SolutionGuid = {5949B82F-BDE6-4FB6-BB36-376896257E4D}
	EndGlobalSection
EndGlobal
